// !$*UTF8*$!
{
	archiveVersion = 1;
	classes = {
	};
	objectVersion = 46;
	objects = {

/* Begin PBXBuildFile section */
		634001A315636A3F00925F85 /* StateViewController.m in Sources */ = {isa = PBXBuildFile; fileRef = 634001A215636A3F00925F85 /* StateViewController.m */; };
		63411CD6155B7EAD00561872 /* UIKit.framework in Frameworks */ = {isa = PBXBuildFile; fileRef = 63411CD5155B7EAD00561872 /* UIKit.framework */; };
		63411CD8155B7EAD00561872 /* Foundation.framework in Frameworks */ = {isa = PBXBuildFile; fileRef = 63411CD7155B7EAD00561872 /* Foundation.framework */; };
		63411CDA155B7EAD00561872 /* CoreGraphics.framework in Frameworks */ = {isa = PBXBuildFile; fileRef = 63411CD9155B7EAD00561872 /* CoreGraphics.framework */; };
		63411CE0155B7EAD00561872 /* InfoPlist.strings in Resources */ = {isa = PBXBuildFile; fileRef = 63411CDE155B7EAD00561872 /* InfoPlist.strings */; };
		63411CE2155B7EAD00561872 /* main.m in Sources */ = {isa = PBXBuildFile; fileRef = 63411CE1155B7EAD00561872 /* main.m */; };
		63411CE6155B7EAD00561872 /* AppDelegate.m in Sources */ = {isa = PBXBuildFile; fileRef = 63411CE5155B7EAD00561872 /* AppDelegate.m */; };
		63411CE9155B7EAD00561872 /* MainStoryboard.storyboard in Resources */ = {isa = PBXBuildFile; fileRef = 63411CE7155B7EAD00561872 /* MainStoryboard.storyboard */; };
		63411CEC155B7EAD00561872 /* ViewController.m in Sources */ = {isa = PBXBuildFile; fileRef = 63411CEB155B7EAD00561872 /* ViewController.m */; };
		63411CF4155B7EAD00561872 /* SenTestingKit.framework in Frameworks */ = {isa = PBXBuildFile; fileRef = 63411CF3155B7EAD00561872 /* SenTestingKit.framework */; };
		63411CF5155B7EAD00561872 /* UIKit.framework in Frameworks */ = {isa = PBXBuildFile; fileRef = 63411CD5155B7EAD00561872 /* UIKit.framework */; };
		63411CF6155B7EAD00561872 /* Foundation.framework in Frameworks */ = {isa = PBXBuildFile; fileRef = 63411CD7155B7EAD00561872 /* Foundation.framework */; };
		63411CFE155B7EAD00561872 /* InfoPlist.strings in Resources */ = {isa = PBXBuildFile; fileRef = 63411CFC155B7EAD00561872 /* InfoPlist.strings */; };
		63411D01155B7EAD00561872 /* RadioTests.m in Sources */ = {isa = PBXBuildFile; fileRef = 63411D00155B7EAD00561872 /* RadioTests.m */; };
/* End PBXBuildFile section */

/* Begin PBXContainerItemProxy section */
		63411CF7155B7EAD00561872 /* PBXContainerItemProxy */ = {
			isa = PBXContainerItemProxy;
			containerPortal = 63411CC8155B7EAD00561872 /* Project object */;
			proxyType = 1;
			remoteGlobalIDString = 63411CD0155B7EAD00561872;
			remoteInfo = Radio;
		};
/* End PBXContainerItemProxy section */

/* Begin PBXFileReference section */
		634001A115636A3F00925F85 /* StateViewController.h */ = {isa = PBXFileReference; fileEncoding = 4; lastKnownFileType = sourcecode.c.h; path = StateViewController.h; sourceTree = "<group>"; };
		634001A215636A3F00925F85 /* StateViewController.m */ = {isa = PBXFileReference; fileEncoding = 4; lastKnownFileType = sourcecode.c.objc; path = StateViewController.m; sourceTree = "<group>"; };
		63411CD1155B7EAD00561872 /* Radio.app */ = {isa = PBXFileReference; explicitFileType = wrapper.application; includeInIndex = 0; path = Radio.app; sourceTree = BUILT_PRODUCTS_DIR; };
		63411CD5155B7EAD00561872 /* UIKit.framework */ = {isa = PBXFileReference; lastKnownFileType = wrapper.framework; name = UIKit.framework; path = System/Library/Frameworks/UIKit.framework; sourceTree = SDKROOT; };
		63411CD7155B7EAD00561872 /* Foundation.framework */ = {isa = PBXFileReference; lastKnownFileType = wrapper.framework; name = Foundation.framework; path = System/Library/Frameworks/Foundation.framework; sourceTree = SDKROOT; };
		63411CD9155B7EAD00561872 /* CoreGraphics.framework */ = {isa = PBXFileReference; lastKnownFileType = wrapper.framework; name = CoreGraphics.framework; path = System/Library/Frameworks/CoreGraphics.framework; sourceTree = SDKROOT; };
		63411CDD155B7EAD00561872 /* Radio-Info.plist */ = {isa = PBXFileReference; lastKnownFileType = text.plist.xml; path = "Radio-Info.plist"; sourceTree = "<group>"; };
		63411CDF155B7EAD00561872 /* en */ = {isa = PBXFileReference; lastKnownFileType = text.plist.strings; name = en; path = en.lproj/InfoPlist.strings; sourceTree = "<group>"; };
		63411CE1155B7EAD00561872 /* main.m */ = {isa = PBXFileReference; lastKnownFileType = sourcecode.c.objc; path = main.m; sourceTree = "<group>"; };
		63411CE3155B7EAD00561872 /* Radio-Prefix.pch */ = {isa = PBXFileReference; lastKnownFileType = sourcecode.c.h; path = "Radio-Prefix.pch"; sourceTree = "<group>"; };
		63411CE4155B7EAD00561872 /* AppDelegate.h */ = {isa = PBXFileReference; lastKnownFileType = sourcecode.c.h; path = AppDelegate.h; sourceTree = "<group>"; };
		63411CE5155B7EAD00561872 /* AppDelegate.m */ = {isa = PBXFileReference; lastKnownFileType = sourcecode.c.objc; path = AppDelegate.m; sourceTree = "<group>"; };
		63411CE8155B7EAD00561872 /* en */ = {isa = PBXFileReference; lastKnownFileType = file.storyboard; name = en; path = en.lproj/MainStoryboard.storyboard; sourceTree = "<group>"; };
		63411CEA155B7EAD00561872 /* ViewController.h */ = {isa = PBXFileReference; lastKnownFileType = sourcecode.c.h; path = ViewController.h; sourceTree = "<group>"; };
		63411CEB155B7EAD00561872 /* ViewController.m */ = {isa = PBXFileReference; lastKnownFileType = sourcecode.c.objc; path = ViewController.m; sourceTree = "<group>"; };
		63411CF2155B7EAD00561872 /* RadioTests.octest */ = {isa = PBXFileReference; explicitFileType = wrapper.cfbundle; includeInIndex = 0; path = RadioTests.octest; sourceTree = BUILT_PRODUCTS_DIR; };
		63411CF3155B7EAD00561872 /* SenTestingKit.framework */ = {isa = PBXFileReference; lastKnownFileType = wrapper.framework; name = SenTestingKit.framework; path = Library/Frameworks/SenTestingKit.framework; sourceTree = DEVELOPER_DIR; };
		63411CFB155B7EAD00561872 /* RadioTests-Info.plist */ = {isa = PBXFileReference; lastKnownFileType = text.plist.xml; path = "RadioTests-Info.plist"; sourceTree = "<group>"; };
		63411CFD155B7EAD00561872 /* en */ = {isa = PBXFileReference; lastKnownFileType = text.plist.strings; name = en; path = en.lproj/InfoPlist.strings; sourceTree = "<group>"; };
		63411CFF155B7EAD00561872 /* RadioTests.h */ = {isa = PBXFileReference; lastKnownFileType = sourcecode.c.h; path = RadioTests.h; sourceTree = "<group>"; };
		63411D00155B7EAD00561872 /* RadioTests.m */ = {isa = PBXFileReference; lastKnownFileType = sourcecode.c.objc; path = RadioTests.m; sourceTree = "<group>"; };
/* End PBXFileReference section */

/* Begin PBXFrameworksBuildPhase section */
		63411CCE155B7EAD00561872 /* Frameworks */ = {
			isa = PBXFrameworksBuildPhase;
			buildActionMask = 2147483647;
			files = (
				63411CD6155B7EAD00561872 /* UIKit.framework in Frameworks */,
				63411CD8155B7EAD00561872 /* Foundation.framework in Frameworks */,
				63411CDA155B7EAD00561872 /* CoreGraphics.framework in Frameworks */,
			);
			runOnlyForDeploymentPostprocessing = 0;
		};
		63411CEE155B7EAD00561872 /* Frameworks */ = {
			isa = PBXFrameworksBuildPhase;
			buildActionMask = 2147483647;
			files = (
				63411CF4155B7EAD00561872 /* SenTestingKit.framework in Frameworks */,
				63411CF5155B7EAD00561872 /* UIKit.framework in Frameworks */,
				63411CF6155B7EAD00561872 /* Foundation.framework in Frameworks */,
			);
			runOnlyForDeploymentPostprocessing = 0;
		};
/* End PBXFrameworksBuildPhase section */

/* Begin PBXGroup section */
		63411CC6155B7EAD00561872 = {
			isa = PBXGroup;
			children = (
				63411CDB155B7EAD00561872 /* Radio */,
				63411CF9155B7EAD00561872 /* RadioTests */,
				63411CD4155B7EAD00561872 /* Frameworks */,
				63411CD2155B7EAD00561872 /* Products */,
			);
			sourceTree = "<group>";
		};
		63411CD2155B7EAD00561872 /* Products */ = {
			isa = PBXGroup;
			children = (
				63411CD1155B7EAD00561872 /* Radio.app */,
				63411CF2155B7EAD00561872 /* RadioTests.octest */,
			);
			name = Products;
			sourceTree = "<group>";
		};
		63411CD4155B7EAD00561872 /* Frameworks */ = {
			isa = PBXGroup;
			children = (
				63411CD5155B7EAD00561872 /* UIKit.framework */,
				63411CD7155B7EAD00561872 /* Foundation.framework */,
				63411CD9155B7EAD00561872 /* CoreGraphics.framework */,
				63411CF3155B7EAD00561872 /* SenTestingKit.framework */,
			);
			name = Frameworks;
			sourceTree = "<group>";
		};
		63411CDB155B7EAD00561872 /* Radio */ = {
			isa = PBXGroup;
			children = (
				63411CE4155B7EAD00561872 /* AppDelegate.h */,
				63411CE5155B7EAD00561872 /* AppDelegate.m */,
				63411CE7155B7EAD00561872 /* MainStoryboard.storyboard */,
				634001A115636A3F00925F85 /* StateViewController.h */,
				634001A215636A3F00925F85 /* StateViewController.m */,
				63411CEA155B7EAD00561872 /* ViewController.h */,
				63411CEB155B7EAD00561872 /* ViewController.m */,
				63411CDC155B7EAD00561872 /* Supporting Files */,
			);
			path = Radio;
			sourceTree = "<group>";
		};
		63411CDC155B7EAD00561872 /* Supporting Files */ = {
			isa = PBXGroup;
			children = (
				63411CDD155B7EAD00561872 /* Radio-Info.plist */,
				63411CDE155B7EAD00561872 /* InfoPlist.strings */,
				63411CE1155B7EAD00561872 /* main.m */,
				63411CE3155B7EAD00561872 /* Radio-Prefix.pch */,
			);
			name = "Supporting Files";
			sourceTree = "<group>";
		};
		63411CF9155B7EAD00561872 /* RadioTests */ = {
			isa = PBXGroup;
			children = (
				63411CFF155B7EAD00561872 /* RadioTests.h */,
				63411D00155B7EAD00561872 /* RadioTests.m */,
				63411CFA155B7EAD00561872 /* Supporting Files */,
			);
			path = RadioTests;
			sourceTree = "<group>";
		};
		63411CFA155B7EAD00561872 /* Supporting Files */ = {
			isa = PBXGroup;
			children = (
				63411CFB155B7EAD00561872 /* RadioTests-Info.plist */,
				63411CFC155B7EAD00561872 /* InfoPlist.strings */,
			);
			name = "Supporting Files";
			sourceTree = "<group>";
		};
/* End PBXGroup section */

/* Begin PBXNativeTarget section */
		63411CD0155B7EAD00561872 /* Radio */ = {
			isa = PBXNativeTarget;
			buildConfigurationList = 63411D04155B7EAD00561872 /* Build configuration list for PBXNativeTarget "Radio" */;
			buildPhases = (
				63411CCD155B7EAD00561872 /* Sources */,
				63411CCE155B7EAD00561872 /* Frameworks */,
				63411CCF155B7EAD00561872 /* Resources */,
			);
			buildRules = (
			);
			dependencies = (
			);
			name = Radio;
			productName = Radio;
			productReference = 63411CD1155B7EAD00561872 /* Radio.app */;
			productType = "com.apple.product-type.application";
		};
		63411CF1155B7EAD00561872 /* RadioTests */ = {
			isa = PBXNativeTarget;
			buildConfigurationList = 63411D07155B7EAD00561872 /* Build configuration list for PBXNativeTarget "RadioTests" */;
			buildPhases = (
				63411CED155B7EAD00561872 /* Sources */,
				63411CEE155B7EAD00561872 /* Frameworks */,
				63411CEF155B7EAD00561872 /* Resources */,
				63411CF0155B7EAD00561872 /* ShellScript */,
			);
			buildRules = (
			);
			dependencies = (
				63411CF8155B7EAD00561872 /* PBXTargetDependency */,
			);
			name = RadioTests;
			productName = RadioTests;
			productReference = 63411CF2155B7EAD00561872 /* RadioTests.octest */;
			productType = "com.apple.product-type.bundle";
		};
/* End PBXNativeTarget section */

/* Begin PBXProject section */
		63411CC8155B7EAD00561872 /* Project object */ = {
			isa = PBXProject;
			attributes = {
				LastUpgradeCheck = 0430;
			};
			buildConfigurationList = 63411CCB155B7EAD00561872 /* Build configuration list for PBXProject "Radio" */;
			compatibilityVersion = "Xcode 3.2";
			developmentRegion = English;
			hasScannedForEncodings = 0;
			knownRegions = (
				en,
			);
			mainGroup = 63411CC6155B7EAD00561872;
			productRefGroup = 63411CD2155B7EAD00561872 /* Products */;
			projectDirPath = "";
			projectRoot = "";
			targets = (
				63411CD0155B7EAD00561872 /* Radio */,
				63411CF1155B7EAD00561872 /* RadioTests */,
			);
		};
/* End PBXProject section */

/* Begin PBXResourcesBuildPhase section */
		63411CCF155B7EAD00561872 /* Resources */ = {
			isa = PBXResourcesBuildPhase;
			buildActionMask = 2147483647;
			files = (
				63411CE0155B7EAD00561872 /* InfoPlist.strings in Resources */,
				63411CE9155B7EAD00561872 /* MainStoryboard.storyboard in Resources */,
			);
			runOnlyForDeploymentPostprocessing = 0;
		};
		63411CEF155B7EAD00561872 /* Resources */ = {
			isa = PBXResourcesBuildPhase;
			buildActionMask = 2147483647;
			files = (
				63411CFE155B7EAD00561872 /* InfoPlist.strings in Resources */,
			);
			runOnlyForDeploymentPostprocessing = 0;
		};
/* End PBXResourcesBuildPhase section */

/* Begin PBXShellScriptBuildPhase section */
		63411CF0155B7EAD00561872 /* ShellScript */ = {
			isa = PBXShellScriptBuildPhase;
			buildActionMask = 2147483647;
			files = (
			);
			inputPaths = (
			);
			outputPaths = (
			);
			runOnlyForDeploymentPostprocessing = 0;
			shellPath = /bin/sh;
			shellScript = "# Run the unit tests in this test bundle.\n\"${SYSTEM_DEVELOPER_DIR}/Tools/RunUnitTests\"\n";
		};
/* End PBXShellScriptBuildPhase section */

/* Begin PBXSourcesBuildPhase section */
		63411CCD155B7EAD00561872 /* Sources */ = {
			isa = PBXSourcesBuildPhase;
			buildActionMask = 2147483647;
			files = (
				63411CE2155B7EAD00561872 /* main.m in Sources */,
				63411CE6155B7EAD00561872 /* AppDelegate.m in Sources */,
				63411CEC155B7EAD00561872 /* ViewController.m in Sources */,
				634001A315636A3F00925F85 /* StateViewController.m in Sources */,
			);
			runOnlyForDeploymentPostprocessing = 0;
		};
		63411CED155B7EAD00561872 /* Sources */ = {
			isa = PBXSourcesBuildPhase;
			buildActionMask = 2147483647;
			files = (
				63411D01155B7EAD00561872 /* RadioTests.m in Sources */,
			);
			runOnlyForDeploymentPostprocessing = 0;
		};
/* End PBXSourcesBuildPhase section */

/* Begin PBXTargetDependency section */
		63411CF8155B7EAD00561872 /* PBXTargetDependency */ = {
			isa = PBXTargetDependency;
			target = 63411CD0155B7EAD00561872 /* Radio */;
			targetProxy = 63411CF7155B7EAD00561872 /* PBXContainerItemProxy */;
		};
/* End PBXTargetDependency section */

/* Begin PBXVariantGroup section */
		63411CDE155B7EAD00561872 /* InfoPlist.strings */ = {
			isa = PBXVariantGroup;
			children = (
				63411CDF155B7EAD00561872 /* en */,
			);
			name = InfoPlist.strings;
			sourceTree = "<group>";
		};
		63411CE7155B7EAD00561872 /* MainStoryboard.storyboard */ = {
			isa = PBXVariantGroup;
			children = (
				63411CE8155B7EAD00561872 /* en */,
			);
			name = MainStoryboard.storyboard;
			sourceTree = "<group>";
		};
		63411CFC155B7EAD00561872 /* InfoPlist.strings */ = {
			isa = PBXVariantGroup;
			children = (
				63411CFD155B7EAD00561872 /* en */,
			);
			name = InfoPlist.strings;
			sourceTree = "<group>";
		};
/* End PBXVariantGroup section */

/* Begin XCBuildConfiguration section */
		63411D02155B7EAD00561872 /* Debug */ = {
			isa = XCBuildConfiguration;
			buildSettings = {
				ALWAYS_SEARCH_USER_PATHS = NO;
				ARCHS = "$(ARCHS_STANDARD_32_BIT)";
				CLANG_ENABLE_OBJC_ARC = YES;
				"CODE_SIGN_IDENTITY[sdk=iphoneos*]" = "iPhone Developer";
				COPY_PHASE_STRIP = NO;
				GCC_C_LANGUAGE_STANDARD = gnu99;
				GCC_DYNAMIC_NO_PIC = NO;
				GCC_OPTIMIZATION_LEVEL = 0;
				GCC_PREPROCESSOR_DEFINITIONS = (
					"DEBUG=1",
					"$(inherited)",
				);
				GCC_SYMBOLS_PRIVATE_EXTERN = NO;
				GCC_VERSION = com.apple.compilers.llvm.clang.1_0;
				GCC_WARN_ABOUT_RETURN_TYPE = YES;
				GCC_WARN_UNINITIALIZED_AUTOS = YES;
				GCC_WARN_UNUSED_VARIABLE = YES;
				IPHONEOS_DEPLOYMENT_TARGET = 5.0;
				SDKROOT = iphoneos;
			};
			name = Debug;
		};
		63411D03155B7EAD00561872 /* Release */ = {
			isa = XCBuildConfiguration;
			buildSettings = {
				ALWAYS_SEARCH_USER_PATHS = NO;
				ARCHS = "$(ARCHS_STANDARD_32_BIT)";
				CLANG_ENABLE_OBJC_ARC = YES;
				"CODE_SIGN_IDENTITY[sdk=iphoneos*]" = "iPhone Developer";
				COPY_PHASE_STRIP = YES;
				GCC_C_LANGUAGE_STANDARD = gnu99;
				GCC_VERSION = com.apple.compilers.llvm.clang.1_0;
				GCC_WARN_ABOUT_RETURN_TYPE = YES;
				GCC_WARN_UNINITIALIZED_AUTOS = YES;
				GCC_WARN_UNUSED_VARIABLE = YES;
				IPHONEOS_DEPLOYMENT_TARGET = 5.0;
				OTHER_CFLAGS = "-DNS_BLOCK_ASSERTIONS=1";
				SDKROOT = iphoneos;
				VALIDATE_PRODUCT = YES;
			};
			name = Release;
		};
		63411D05155B7EAD00561872 /* Debug */ = {
			isa = XCBuildConfiguration;
			buildSettings = {
				GCC_PRECOMPILE_PREFIX_HEADER = YES;
				GCC_PREFIX_HEADER = "Radio/Radio-Prefix.pch";
				INFOPLIST_FILE = "Radio/Radio-Info.plist";
				PRODUCT_NAME = "$(TARGET_NAME)";
				WRAPPER_EXTENSION = app;
			};
			name = Debug;
		};
		63411D06155B7EAD00561872 /* Release */ = {
			isa = XCBuildConfiguration;
			buildSettings = {
				GCC_PRECOMPILE_PREFIX_HEADER = YES;
				GCC_PREFIX_HEADER = "Radio/Radio-Prefix.pch";
				INFOPLIST_FILE = "Radio/Radio-Info.plist";
				PRODUCT_NAME = "$(TARGET_NAME)";
				WRAPPER_EXTENSION = app;
			};
			name = Release;
		};
		63411D08155B7EAD00561872 /* Debug */ = {
			isa = XCBuildConfiguration;
			buildSettings = {
				BUNDLE_LOADER = "$(BUILT_PRODUCTS_DIR)/Radio.app/Radio";
				FRAMEWORK_SEARCH_PATHS = (
					"$(SDKROOT)/Developer/Library/Frameworks",
					"$(DEVELOPER_LIBRARY_DIR)/Frameworks",
				);
				GCC_PRECOMPILE_PREFIX_HEADER = YES;
				GCC_PREFIX_HEADER = "Radio/Radio-Prefix.pch";
				INFOPLIST_FILE = "RadioTests/RadioTests-Info.plist";
				PRODUCT_NAME = "$(TARGET_NAME)";
				TEST_HOST = "$(BUNDLE_LOADER)";
				WRAPPER_EXTENSION = octest;
			};
			name = Debug;
		};
		63411D09155B7EAD00561872 /* Release */ = {
			isa = XCBuildConfiguration;
			buildSettings = {
				BUNDLE_LOADER = "$(BUILT_PRODUCTS_DIR)/Radio.app/Radio";
				FRAMEWORK_SEARCH_PATHS = (
					"$(SDKROOT)/Developer/Library/Frameworks",
					"$(DEVELOPER_LIBRARY_DIR)/Frameworks",
				);
				GCC_PRECOMPILE_PREFIX_HEADER = YES;
				GCC_PREFIX_HEADER = "Radio/Radio-Prefix.pch";
				INFOPLIST_FILE = "RadioTests/RadioTests-Info.plist";
				PRODUCT_NAME = "$(TARGET_NAME)";
				TEST_HOST = "$(BUNDLE_LOADER)";
				WRAPPER_EXTENSION = octest;
			};
			name = Release;
		};
/* End XCBuildConfiguration section */

/* Begin XCConfigurationList section */
		63411CCB155B7EAD00561872 /* Build configuration list for PBXProject "Radio" */ = {
			isa = XCConfigurationList;
			buildConfigurations = (
				63411D02155B7EAD00561872 /* Debug */,
				63411D03155B7EAD00561872 /* Release */,
			);
			defaultConfigurationIsVisible = 0;
			defaultConfigurationName = Release;
		};
		63411D04155B7EAD00561872 /* Build configuration list for PBXNativeTarget "Radio" */ = {
			isa = XCConfigurationList;
			buildConfigurations = (
				63411D05155B7EAD00561872 /* Debug */,
				63411D06155B7EAD00561872 /* Release */,
			);
			defaultConfigurationIsVisible = 0;
			defaultConfigurationName = Release;
		};
		63411D07155B7EAD00561872 /* Build configuration list for PBXNativeTarget "RadioTests" */ = {
			isa = XCConfigurationList;
			buildConfigurations = (
				63411D08155B7EAD00561872 /* Debug */,
				63411D09155B7EAD00561872 /* Release */,
			);
			defaultConfigurationIsVisible = 0;
			defaultConfigurationName = Release;
		};
/* End XCConfigurationList section */
	};
	rootObject = 63411CC8155B7EAD00561872 /* Project object */;
}
